{
    "_meta": {
        "hash": {
            "sha256": "111cb0d70a3f846c80cd1866cb675f0606ec078bb7b6cb67c5a17611ca60a6aa"
        },
        "pipfile-spec": 6,
        "requires": {
            "python_full_version": "3.9.6",
            "python_version": "3.9"
        },
        "sources": [
            {
                "name": "pypi",
                "url": "https://pypi.org/simple",
                "verify_ssl": true
            }
        ]
    },
    "default": {
        "gitcommitlogger": {
            "hashes": [
                "sha256:3badf5db541d81cc3473882d9d255dabc66cd413e780ccb4fe6b320afddedcd0",
                "sha256:7bafd58d46441b8c01b0f5706e7242df0ff841b3f87a7f621979577758546869"
            ],
            "index": "pypi",
            "markers": "python_version >= '3.7'",
            "version": "==1.2.5"
        }
    },
    "develop": {}
}
